dependencies:
- name: ditto
  repository: https://eclipse.org/packages/charts/
  version: 3.1.1
- name: OpenTwins-MongoDB
  repository: https://ertis-research.github.io/Helm-charts/
  version: 0.1.0
- name: grafana
  repository: https://grafana.github.io/helm-charts
  version: 6.54.0
- name: influxdb2
  repository: https://helm.influxdata.com/
  version: 2.1.1
- name: telegraf
  repository: https://helm.influxdata.com/
  version: 1.8.27
- name: mosquitto
  repository: https://ertis-research.github.io/Helm-charts/
  version: 0.2.0
- name: hono
  repository: https://eclipse.org/packages/charts/
  version: 2.4.1
digest: sha256:f6b9d02d8368c51ae22a7ca05e840abaa1b8109af38fda7d0c7967bd46b92174
generated: "2023-04-21T09:35:23.39154+02:00"
