dependencies:
- name: mqtttomongo
  repository: https://ertis-research.github.io/Helm-charts/
  version: 1.0.0
- name: ditto
  repository: https://eclipse.org/packages/charts/
  version: 3.1.2
- name: mosquitto
  repository: https://ertis-research.github.io/Helm-charts/
  version: 0.2.0
- name: OpenTwins-MongoDB
  repository: https://ertis-research.github.io/Helm-charts/
  version: 0.1.0
digest: sha256:aaf478ffac44c74237c1d0820b408cc787a25bd93b45081d309bd9cb79e46629
generated: "2023-02-15T10:25:10.4343142+01:00"
