dependencies:
- name: mqtttomongo
  repository: https://ertis-research.github.io/Helm-charts/
  version: 1.0.0
- name: ditto
  repository: https://eclipse.org/packages/charts/
  version: 3.1.1
- name: mosquitto
  repository: https://ertis-research.github.io/Helm-charts/
  version: 0.2.0
- name: OpenTwins-MongoDB
  repository: https://ertis-research.github.io/Helm-charts/
  version: 0.1.0
digest: sha256:b4066e084c0f0e5714a7d312d812d7d7190a7b4cf415098ed4be253b0c35a69d
generated: "2023-04-18T14:14:43.1125045+02:00"
