dependencies:
- name: ditto
  repository: oci://registry-1.docker.io/eclipse
  version: 3.3.7
- name: mongodb
  repository: oci://registry-1.docker.io/bitnamicharts
  version: 13.8.3
- name: grafana
  repository: https://grafana.github.io/helm-charts
  version: 6.56.6
- name: influxdb2
  repository: https://helm.influxdata.com/
  version: 2.1.2
- name: telegraf
  repository: https://helm.influxdata.com/
  version: 1.8.55
- name: mosquitto
  repository: https://ertis-research.github.io/Helm-charts/
  version: 0.3.1
- name: kafka
  repository: https://charts.bitnami.com/bitnami
  version: 22.0.3
- name: hono
  repository: https://eclipse.org/packages/charts/
  version: 2.6.3
digest: sha256:69437d9ed2c5d47b3a7a423d26b7719390ec095020cc97f10031fc814c7f5496
generated: "2025-03-20T18:38:40.5864028+01:00"
