dependencies:
- name: ditto
  repository: oci://registry-1.docker.io/eclipse
  version: 3.3.7
- name: mongodb
  repository: oci://registry-1.docker.io/bitnamicharts
  version: 13.18.5
- name: grafana
  repository: https://grafana-community.github.io/helm-charts/
  version: 10.1.5
- name: influxdb2
  repository: https://helm.influxdata.com/
  version: 2.1.2
- name: telegraf
  repository: https://helm.influxdata.com/
  version: 1.8.77
- name: mosquitto
  repository: https://ertis-research.github.io/helm-charts/
  version: 0.3.1
- name: hono
  repository: https://eclipse.org/packages/charts/
  version: 2.7.1
digest: sha256:e6c0d0e1cbf51fffcb99d4becf9ab367c8d43d5c42aa5397011721eb312fbfd1
generated: "2026-09-25T13:06:56.4485049+02:00"
